
Microsoft Visual Studio Solution File, Format Version 12.00
# Visual Studio Version 16
VisualStudioVersion = 16.0.29306.81
MinimumVisualStudioVersion = 10.0.40219.1
Project("{9A19103F-16F7-4668-BE54-9A1E7A4F7556}") = "Domain", "Domain\Domain.csproj", "{2D447A4B-B84A-4E05-889F-DE7AE65FE023}"
EndProject
Project("{9A19103F-16F7-4668-BE54-9A1E7A4F7556}") = "DAL", "DAL\DAL.csproj", "{CA319DBC-0E75-4790-BB2C-4BF436709589}"
EndProject
Project("{9A19103F-16F7-4668-BE54-9A1E7A4F7556}") = "RestaurantApp", "RestaurantApp\RestaurantApp.csproj", "{989A2C22-DFD5-414F-9810-8F8DABD51A41}"
EndProject
Global
	GlobalSection(SolutionConfigurationPlatforms) = preSolution
		Debug|Any CPU = Debug|Any CPU
		Release|Any CPU = Release|Any CPU
	EndGlobalSection
	GlobalSection(ProjectConfigurationPlatforms) = postSolution
		{2D447A4B-B84A-4E05-889F-DE7AE65FE023}.Debug|Any CPU.ActiveCfg = Debug|Any CPU
		{2D447A4B-B84A-4E05-889F-DE7AE65FE023}.Debug|Any CPU.Build.0 = Debug|Any CPU
		{2D447A4B-B84A-4E05-889F-DE7AE65FE023}.Release|Any CPU.ActiveCfg = Release|Any CPU
		{2D447A4B-B84A-4E05-889F-DE7AE65FE023}.Release|Any CPU.Build.0 = Release|Any CPU
		{CA319DBC-0E75-4790-BB2C-4BF436709589}.Debug|Any CPU.ActiveCfg = Debug|Any CPU
		{CA319DBC-0E75-4790-BB2C-4BF436709589}.Debug|Any CPU.Build.0 = Debug|Any CPU
		{CA319DBC-0E75-4790-BB2C-4BF436709589}.Release|Any CPU.ActiveCfg = Release|Any CPU
		{CA319DBC-0E75-4790-BB2C-4BF436709589}.Release|Any CPU.Build.0 = Release|Any CPU
		{989A2C22-DFD5-414F-9810-8F8DABD51A41}.Debug|Any CPU.ActiveCfg = Debug|Any CPU
		{989A2C22-DFD5-414F-9810-8F8DABD51A41}.Debug|Any CPU.Build.0 = Debug|Any CPU
		{989A2C22-DFD5-414F-9810-8F8DABD51A41}.Release|Any CPU.ActiveCfg = Release|Any CPU
		{989A2C22-DFD5-414F-9810-8F8DABD51A41}.Release|Any CPU.Build.0 = Release|Any CPU
	EndGlobalSection
	GlobalSection(SolutionProperties) = preSolution
		HideSolutionNode = FALSE
	EndGlobalSection
	GlobalSection(ExtensibilityGlobals) = postSolution
		SolutionGuid = {8D1CDA3F-EB88-428B-B64E-937456D968F0}
	EndGlobalSection
EndGlobal
